
Microsoft Visual Studio Solution File, Format Version 11.00
# Visual Studio 2010
Project("{FAE04EC0-301F-11D3-BF4B-00C04F79EFBC}") = "AllPayWebServiceTest", "AllPayWebServiceTest\AllPayWebServiceTest.csproj", "{60D3FA56-258D-4A5E-AC13-691D41784EF6}"
EndProject
Project("{FAE04EC0-301F-11D3-BF4B-00C04F79EFBC}") = "AllPayWebServiceTest.Test", "AllPayWebServiceTest.Test\AllPayWebServiceTest.Test\AllPayWebServiceTest.Test.csproj", "{4D920215-56E5-4FB4-BDCB-8C6D1BAE4DBF}"
EndProject
Global
	GlobalSection(SolutionConfigurationPlatforms) = preSolution
		Debug|Any CPU = Debug|Any CPU
		Release|Any CPU = Release|Any CPU
	EndGlobalSection
	GlobalSection(ProjectConfigurationPlatforms) = postSolution
		{60D3FA56-258D-4A5E-AC13-691D41784EF6}.Debug|Any CPU.ActiveCfg = Debug|Any CPU
		{60D3FA56-258D-4A5E-AC13-691D41784EF6}.Debug|Any CPU.Build.0 = Debug|Any CPU
		{60D3FA56-258D-4A5E-AC13-691D41784EF6}.Release|Any CPU.ActiveCfg = Release|Any CPU
		{60D3FA56-258D-4A5E-AC13-691D41784EF6}.Release|Any CPU.Build.0 = Release|Any CPU
		{4D920215-56E5-4FB4-BDCB-8C6D1BAE4DBF}.Debug|Any CPU.ActiveCfg = Debug|Any CPU
		{4D920215-56E5-4FB4-BDCB-8C6D1BAE4DBF}.Debug|Any CPU.Build.0 = Debug|Any CPU
		{4D920215-56E5-4FB4-BDCB-8C6D1BAE4DBF}.Release|Any CPU.ActiveCfg = Release|Any CPU
		{4D920215-56E5-4FB4-BDCB-8C6D1BAE4DBF}.Release|Any CPU.Build.0 = Release|Any CPU
	EndGlobalSection
	GlobalSection(SolutionProperties) = preSolution
		HideSolutionNode = FALSE
	EndGlobalSection
EndGlobal
